
Microsoft Visual Studio Solution File, Format Version 12.00
# Visual Studio Version 17
VisualStudioVersion = 17.14.37203.1
MinimumVisualStudioVersion = 10.0.40219.1
Project("{2150E333-8FDC-42A3-9474-1A3956D46DE8}") = "Queue", "Queue", "{EBC31BA1-D794-44AA-B107-F3D5AE5FCBA5}"
EndProject
Project("{FAE04EC0-301F-11D3-BF4B-00C04F79EFBC}") = "Producer", "Queue\Producer\Producer.csproj", "{0494899C-24EB-4B15-B5C3-D7C6C4C593EF}"
EndProject
Project("{FAE04EC0-301F-11D3-BF4B-00C04F79EFBC}") = "Consumer", "Queue\Consumer\Consumer.csproj", "{C39EC14B-0E15-4CE9-A4F9-6EA57797C31D}"
EndProject
Project("{2150E333-8FDC-42A3-9474-1A3956D46DE8}") = "Topic", "Topic", "{02EA681E-C7D8-13C7-8484-4AC65E1B71E8}"
EndProject
Project("{FAE04EC0-301F-11D3-BF4B-00C04F79EFBC}") = "OrderAPI", "Topic\OrderAPI\OrderAPI.csproj", "{D70E16CB-6843-4206-B6E6-7E0031EB443C}"
EndProject
Project("{FAE04EC0-301F-11D3-BF4B-00C04F79EFBC}") = "NotificationAPI", "Topic\NotificationAPI\NotificationAPI.csproj", "{F015192B-2884-43EB-8402-F20BA8227979}"
EndProject
Project("{FAE04EC0-301F-11D3-BF4B-00C04F79EFBC}") = "AnalyticsAPI", "Topic\AnalyticsAPI\AnalyticsAPI.csproj", "{E1666185-08D7-4A99-AA65-DC761B98E147}"
EndProject
Project("{2150E333-8FDC-42A3-9474-1A3956D46DE8}") = "Storage", "Storage", "{9DCA22E4-A3EE-4DE9-8250-354677C8C683}"
EndProject
Project("{FAE04EC0-301F-11D3-BF4B-00C04F79EFBC}") = "EMS", "Storage\EMS\EMS.csproj", "{7FFE3BC4-9C75-4F76-A3BA-1BE42AE37B79}"
EndProject
Project("{2150E333-8FDC-42A3-9474-1A3956D46DE8}") = "AzureFunctions", "AzureFunctions", "{AE114140-3885-4378-AFDE-A5DAC955AB9F}"
EndProject
Project("{FAE04EC0-301F-11D3-BF4B-00C04F79EFBC}") = "EmployeeProgress", "AzureFunctions\EmployeeProgress\EmployeeProgress.csproj", "{63E181B7-EC11-4B73-B57D-EA93B2F26458}"
EndProject
Global
	GlobalSection(SolutionConfigurationPlatforms) = preSolution
		Debug|Any CPU = Debug|Any CPU
		Release|Any CPU = Release|Any CPU
	EndGlobalSection
	GlobalSection(ProjectConfigurationPlatforms) = postSolution
		{0494899C-24EB-4B15-B5C3-D7C6C4C593EF}.Debug|Any CPU.ActiveCfg = Debug|Any CPU
		{0494899C-24EB-4B15-B5C3-D7C6C4C593EF}.Debug|Any CPU.Build.0 = Debug|Any CPU
		{0494899C-24EB-4B15-B5C3-D7C6C4C593EF}.Release|Any CPU.ActiveCfg = Release|Any CPU
		{0494899C-24EB-4B15-B5C3-D7C6C4C593EF}.Release|Any CPU.Build.0 = Release|Any CPU
		{C39EC14B-0E15-4CE9-A4F9-6EA57797C31D}.Debug|Any CPU.ActiveCfg = Debug|Any CPU
		{C39EC14B-0E15-4CE9-A4F9-6EA57797C31D}.Debug|Any CPU.Build.0 = Debug|Any CPU
		{C39EC14B-0E15-4CE9-A4F9-6EA57797C31D}.Release|Any CPU.ActiveCfg = Release|Any CPU
		{C39EC14B-0E15-4CE9-A4F9-6EA57797C31D}.Release|Any CPU.Build.0 = Release|Any CPU
		{D70E16CB-6843-4206-B6E6-7E0031EB443C}.Debug|Any CPU.ActiveCfg = Debug|Any CPU
		{D70E16CB-6843-4206-B6E6-7E0031EB443C}.Debug|Any CPU.Build.0 = Debug|Any CPU
		{D70E16CB-6843-4206-B6E6-7E0031EB443C}.Release|Any CPU.ActiveCfg = Release|Any CPU
		{D70E16CB-6843-4206-B6E6-7E0031EB443C}.Release|Any CPU.Build.0 = Release|Any CPU
		{F015192B-2884-43EB-8402-F20BA8227979}.Debug|Any CPU.ActiveCfg = Debug|Any CPU
		{F015192B-2884-43EB-8402-F20BA8227979}.Debug|Any CPU.Build.0 = Debug|Any CPU
		{F015192B-2884-43EB-8402-F20BA8227979}.Release|Any CPU.ActiveCfg = Release|Any CPU
		{F015192B-2884-43EB-8402-F20BA8227979}.Release|Any CPU.Build.0 = Release|Any CPU
		{E1666185-08D7-4A99-AA65-DC761B98E147}.Debug|Any CPU.ActiveCfg = Debug|Any CPU
		{E1666185-08D7-4A99-AA65-DC761B98E147}.Debug|Any CPU.Build.0 = Debug|Any CPU
		{E1666185-08D7-4A99-AA65-DC761B98E147}.Release|Any CPU.ActiveCfg = Release|Any CPU
		{E1666185-08D7-4A99-AA65-DC761B98E147}.Release|Any CPU.Build.0 = Release|Any CPU
		{7FFE3BC4-9C75-4F76-A3BA-1BE42AE37B79}.Debug|Any CPU.ActiveCfg = Debug|Any CPU
		{7FFE3BC4-9C75-4F76-A3BA-1BE42AE37B79}.Debug|Any CPU.Build.0 = Debug|Any CPU
		{7FFE3BC4-9C75-4F76-A3BA-1BE42AE37B79}.Release|Any CPU.ActiveCfg = Release|Any CPU
		{7FFE3BC4-9C75-4F76-A3BA-1BE42AE37B79}.Release|Any CPU.Build.0 = Release|Any CPU
		{63E181B7-EC11-4B73-B57D-EA93B2F26458}.Debug|Any CPU.ActiveCfg = Debug|Any CPU
		{63E181B7-EC11-4B73-B57D-EA93B2F26458}.Debug|Any CPU.Build.0 = Debug|Any CPU
		{63E181B7-EC11-4B73-B57D-EA93B2F26458}.Release|Any CPU.ActiveCfg = Release|Any CPU
		{63E181B7-EC11-4B73-B57D-EA93B2F26458}.Release|Any CPU.Build.0 = Release|Any CPU
	EndGlobalSection
	GlobalSection(SolutionProperties) = preSolution
		HideSolutionNode = FALSE
	EndGlobalSection
	GlobalSection(NestedProjects) = preSolution
		{0494899C-24EB-4B15-B5C3-D7C6C4C593EF} = {EBC31BA1-D794-44AA-B107-F3D5AE5FCBA5}
		{C39EC14B-0E15-4CE9-A4F9-6EA57797C31D} = {EBC31BA1-D794-44AA-B107-F3D5AE5FCBA5}
		{D70E16CB-6843-4206-B6E6-7E0031EB443C} = {02EA681E-C7D8-13C7-8484-4AC65E1B71E8}
		{F015192B-2884-43EB-8402-F20BA8227979} = {02EA681E-C7D8-13C7-8484-4AC65E1B71E8}
		{E1666185-08D7-4A99-AA65-DC761B98E147} = {02EA681E-C7D8-13C7-8484-4AC65E1B71E8}
		{7FFE3BC4-9C75-4F76-A3BA-1BE42AE37B79} = {9DCA22E4-A3EE-4DE9-8250-354677C8C683}
		{63E181B7-EC11-4B73-B57D-EA93B2F26458} = {AE114140-3885-4378-AFDE-A5DAC955AB9F}
	EndGlobalSection
	GlobalSection(ExtensibilityGlobals) = postSolution
		SolutionGuid = {6EE0E3A3-7EC7-4096-A93B-1D7F18D30064}
	EndGlobalSection
EndGlobal
